# THIS IS AN AUTOGENERATED FILE. DO NOT EDIT THIS FILE DIRECTLY.
# yarn lockfile v1


"@babel/parser@^7.16.4":
  version "7.17.3"
  resolved "https://registry.yarnpkg.com/@babel/parser/-/parser-7.17.3.tgz#b07702b982990bf6fdc1da5049a23fece4c5c3d0"
  integrity sha512-7yJPvPV+ESz2IUTPbOL+YkIGyCqOyNIzdguKQuJGnH7bg1WTIifuM21YqokFt/THWh1AkCRn9IgoykTRCBVpzA==

"@pixi/accessibility@6.2.2":
  version "6.2.2"
  resolved "https://registry.yarnpkg.com/@pixi/accessibility/-/accessibility-6.2.2.tgz#0c46b59d11c3e4b841bff5153116e2d17d028a24"
  integrity sha512-/mXRXCw67bmPY/OZ1Y1p747h3SSg7eqacIChAUJohjbcJK0R2EJRD2uVTspVIUpHPJA0ECNGBpKqk0C1Yzkj2w==

"@pixi/app@6.2.2":
  version "6.2.2"
  resolved "https://registry.yarnpkg.com/@pixi/app/-/app-6.2.2.tgz#45c3dba327a6500d6b9322048950499a5588ec22"
  integrity sha512-YBzVaSZGA842w2gsgqzxYwQMXeu2JZmSyiybi4raFsA35iOeMurXy7sEs5NP9JO+cjobJyx6echuHzZpKUjWsQ==

"@pixi/compressed-textures@6.2.2":
  version "6.2.2"
  resolved "https://registry.yarnpkg.com/@pixi/compressed-textures/-/compressed-textures-6.2.2.tgz#8860283058ab931c26dde27daa328e0a7de11a65"
  integrity sha512-ZjiqYCE6nGtsKTRa6w4W6Krh3vo4M3WT6lrP+VW6BfgUx3quEURt5GVFsFZrJpWF4yI1fShFmjBUOerrTLJGRQ==

"@pixi/constants@6.2.2":
  version "6.2.2"
  resolved "https://registry.yarnpkg.com/@pixi/constants/-/constants-6.2.2.tgz#53a2d0e7f3d16d0400985d81005a076c25b0b32a"
  integrity sha512-BKSoj/5SI+pQEatuCG5kXXWtCZmZZNMhfhXeqvYO/WNZ+LDxm6F4pllf0t7KjGs1ZBpNxVf6fyngF9Q5r3MgJQ==

"@pixi/core@6.2.2":
  version "6.2.2"
  resolved "https://registry.yarnpkg.com/@pixi/core/-/core-6.2.2.tgz#badf9c03e3a07835b92d1a3868363d8e5083cf13"
  integrity sha512-XAqgdJ1w9k1ZUBXECm19rcnN2ngm+tOP74HkGw4qQay0biM3JS+wtX4fWQmZNGr8krf6lJrNbsghbtUy70uUaw==

"@pixi/display@6.2.2":
  version "6.2.2"
  resolved "https://registry.yarnpkg.com/@pixi/display/-/display-6.2.2.tgz#6e8ef26f2ed686c03d71d8bb5b92e6222cb23563"
  integrity sha512-8a0R+9rjlUUjb13nBA6ZNj9gygJqt38B63uIZ2inkhxpIQf0CLo2hNxkqCqXiMeRuGmOw1n6neEDMnHO1Ks+xA==

"@pixi/extract@6.2.2":
  version "6.2.2"
  resolved "https://registry.yarnpkg.com/@pixi/extract/-/extract-6.2.2.tgz#f8d682dbf4c29ad2bbbed0bf710c63fcfdcadc7c"
  integrity sha512-w3gW1/VoHNqFEUNGRQBKm8dCdg816etbpbLExWctmPpNdyxos5N7DF44UMRFg40GPVBBNzYissrH/ojca4PFIA==

"@pixi/filter-alpha@6.2.2":
  version "6.2.2"
  resolved "https://registry.yarnpkg.com/@pixi/filter-alpha/-/filter-alpha-6.2.2.tgz#4c39d67deaf99d979019252ea6dab69d853bae84"
  integrity sha512-CijLcgFdmivmSyZuM5Yyeo6R+PwalZp9OSoard1Oh5DBVvcRDn4m3cBM+nimR4YJbr0kiMbK4Ja8r+e2vwFVjA==

"@pixi/filter-blur@6.2.2":
  version "6.2.2"
  resolved "https://registry.yarnpkg.com/@pixi/filter-blur/-/filter-blur-6.2.2.tgz#bc0f0d0fe2d7095d3fd8924dd013f154a7436e68"
  integrity sha512-ApFqn2fMIipr3mRp/8dZ74qraGGzzPO/EzvltDqJLru9vGlbX6dKLXZ6w5H8D/uN6aQW1e4N1Nrtzk5mvJVQ3g==

"@pixi/filter-color-matrix@6.2.2":
  version "6.2.2"
  resolved "https://registry.yarnpkg.com/@pixi/filter-color-matrix/-/filter-color-matrix-6.2.2.tgz#9eb4c55ae37b2d6e221ef7bb1781c58fb33890ad"
  integrity sha512-fQWbtKFWV29jKkq4d6TknEfQ5sF5OxcbJeZo0HJmgoV3FLZ0t21XE991CFI/TqDBo8U3wzUPZVbXxiFoDKmJ8w==

"@pixi/filter-displacement@6.2.2":
  version "6.2.2"
  resolved "https://registry.yarnpkg.com/@pixi/filter-displacement/-/filter-displacement-6.2.2.tgz#6eaa737b1c055c5daff77e384f6d2f728f2a93f3"
  integrity sha512-cd9um4kNNIeqKA/wVZw+iha+XVbBOYBC8En5hk3ZXAIXxCHxOCz3KS+aOVejXH5EB/gMDPvNNwygn0SCpSGdKA==

"@pixi/filter-fxaa@6.2.2":
  version "6.2.2"
  resolved "https://registry.yarnpkg.com/@pixi/filter-fxaa/-/filter-fxaa-6.2.2.tgz#fea85d68414f9ee7f417d7e54791ccbaccd861c4"
  integrity sha512-e4qekMlsiEcjV0JRoqH3b34sk8yzT4jsROYPHzk0IiafE+nNNcF3vQmcmnfC0aGIyODzmNdzFLjlFkRRSviydA==

"@pixi/filter-noise@6.2.2":
  version "6.2.2"
  resolved "https://registry.yarnpkg.com/@pixi/filter-noise/-/filter-noise-6.2.2.tgz#a4617a279e968628d7e088b36bf28c8c7cf85fb9"
  integrity sha512-Jp4L6winS6ZGKpp76x3JyfEWnUMY44fQ90Ts3R3vKkZZFNDd3T4uisZ7YwvDKOhmSo5hY3lQkXaCg/YO5feXbw==

"@pixi/graphics@6.2.2":
  version "6.2.2"
  resolved "https://registry.yarnpkg.com/@pixi/graphics/-/graphics-6.2.2.tgz#bffa1b6ab75a2c5ca54a83444e5cafe6e68dd7c7"
  integrity sha512-mQyd6ef6/EF5nt7M1OObBEb9FCXxIP6AT30H01Z2wnnCgu4qj8MHrJxTkQxSHynQ+eVVPswzpVizUQZHlIYZNw==

"@pixi/interaction@6.2.2":
  version "6.2.2"
  resolved "https://registry.yarnpkg.com/@pixi/interaction/-/interaction-6.2.2.tgz#31abd2ed0b810570ff487dd7595b755b76f5a3ba"
  integrity sha512-gpNLCPc+j+RZSZqbKbzVRf4fSlOlYm0xqUVn6JtNH1kc+d9AV7Nmw9but4osP/eodDWsWPQ+7sPKClHY36bKRA==

"@pixi/loaders@6.2.2":
  version "6.2.2"
  resolved "https://registry.yarnpkg.com/@pixi/loaders/-/loaders-6.2.2.tgz#b4fdf00f193733c14d499d4ae74fedc9063a6270"
  integrity sha512-jwFM59GeMQpzuniw5PlC7kCoXZEaKrw31/ecR1sXKWDtHRyMtvXTuf+R+tSol/1ISQ55c0JBTuUbLPwp7hPvFQ==

"@pixi/math@6.2.2":
  version "6.2.2"
  resolved "https://registry.yarnpkg.com/@pixi/math/-/math-6.2.2.tgz#dfbeeb03de765fa6e1fcfbd2058ed0037d945a86"
  integrity sha512-TtsaooRRMc/WAZ4LKUDhP/d14BZElLjRNa2gopwTKUtrDa1KvzAMr8WJ8P+gaXl4DJ8B/MlgESdPhRUqVSUw0A==

"@pixi/mesh-extras@6.2.2":
  version "6.2.2"
  resolved "https://registry.yarnpkg.com/@pixi/mesh-extras/-/mesh-extras-6.2.2.tgz#127280bcb686896b62a9b26f69681a60ecc9f3c2"
  integrity sha512-HFYWhWcV6gY7VYnMhz9OSEN14PPfVqLzWnglbegGEMqCbY/ZGsD8X99x/HLGQGd6L4FFto382q0Fj1xu+y/brg==

"@pixi/mesh@6.2.2":
  version "6.2.2"
  resolved "https://registry.yarnpkg.com/@pixi/mesh/-/mesh-6.2.2.tgz#f301bbf888ca36994b8edb30a590fbe4a035dd6f"
  integrity sha512-CsKFgTu2MP756sHeoCr9s4tHy2VmnDZPnvZ0ThV8QMnb5w3Z2qRDKlXSSIdNaQOxoAPKkqxIu0JbLK8kyX0oqw==

"@pixi/mixin-cache-as-bitmap@6.2.2":
  version "6.2.2"
  resolved "https://registry.yarnpkg.com/@pixi/mixin-cache-as-bitmap/-/mixin-cache-as-bitmap-6.2.2.tgz#4c0cdddeba91578f6e58a48df7c27743bcfc8f84"
  integrity sha512-t3jZKGa/qoRMetMWmGkXz8Kp1Uzmb+2y4/adqu+RdIeG3D1oItuGux+R36ZQO6dVRv3R8s2/Dex0aACek171zw==

"@pixi/mixin-get-child-by-name@6.2.2":
  version "6.2.2"
  resolved "https://registry.yarnpkg.com/@pixi/mixin-get-child-by-name/-/mixin-get-child-by-name-6.2.2.tgz#154d8f0d8324d0cbd84a695babd960a0c35b6c10"
  integrity sha512-BBrniLAkzDex4HyvVdE/DjphzQu4pZ8Nc5aDRIbiS1s283/IXr2oTcoaW23kCjhX0xgu++XcJQQMMyv3mlblZQ==

"@pixi/mixin-get-global-position@6.2.2":
  version "6.2.2"
  resolved "https://registry.yarnpkg.com/@pixi/mixin-get-global-position/-/mixin-get-global-position-6.2.2.tgz#361c4d9889a0b9a724e0cc92fb01d7705b1edb3e"
  integrity sha512-Rz7DHn6koYFEeVG36rKiMwoTD+elJKqwQ24HHw0BAKz1VwGagBi0ZTcJ+nWplBOrw6ZPKfdOBwGQLXD7ODg8lQ==

"@pixi/particle-container@6.2.2":
  version "6.2.2"
  resolved "https://registry.yarnpkg.com/@pixi/particle-container/-/particle-container-6.2.2.tgz#ff6b4c5da58b052b177a8504ab2a3a53851c460c"
  integrity sha512-DYbSCcUiVLeM4sKZkzAp3F6dz3idyP1jecxbFqNmRjWRyMv7uXIO42rxGJMrd6BzA5j7DkywI3X0SqhhSZP7Ag==

"@pixi/polyfill@6.2.2":
  version "6.2.2"
  resolved "https://registry.yarnpkg.com/@pixi/polyfill/-/polyfill-6.2.2.tgz#18c0a2e7273fcd505f78aa08ee4c10010dca3314"
  integrity sha512-Fd5KnjrqG9Vwgl9sDfPvNeqW3/d+hG9Du7H3y5PmItBnu9wXldTtA+I5D0BLsL/wjjjCQLbPVFKwCJj511XfBw==
  dependencies:
    object-assign "^4.1.1"
    promise-polyfill "^8.2.0"

"@pixi/prepare@6.2.2":
  version "6.2.2"
  resolved "https://registry.yarnpkg.com/@pixi/prepare/-/prepare-6.2.2.tgz#7dd53bc2415d371113806700c103e074615f14a8"
  integrity sha512-kJojn/6zEcao+XQyU+zWkBmQr0Tgeju3F9JYBpPQ8MKIUJYvDQDtRxYo9A6Xzxk8FJ373s2Ext/OelX2FcR3HQ==

"@pixi/runner@6.2.2":
  version "6.2.2"
  resolved "https://registry.yarnpkg.com/@pixi/runner/-/runner-6.2.2.tgz#ac253ee250198437b7a7182078a90e1e752f8ada"
  integrity sha512-q7bc6Eu2XplGzCQBOhbv32P0z48ixW/Su6epT9IOfDi2iTiPjB5Sxp9e+DZDFIzvkfLzgr67Ddy51YMvOp5sQg==

"@pixi/settings@6.2.2":
  version "6.2.2"
  resolved "https://registry.yarnpkg.com/@pixi/settings/-/settings-6.2.2.tgz#1984a9a233b5e78c3cf564fed5a2cde3012b754c"
  integrity sha512-eQv0ykSwnJUd/LF4MuaFoL+eBNG+EUPAVfsnlsez/Y09aqwIzJyAjRx+uGp9adQ3XHXwYt2l2wINn+foF1y/8A==
  dependencies:
    ismobilejs "^1.1.0"

"@pixi/sprite-animated@6.2.2":
  version "6.2.2"
  resolved "https://registry.yarnpkg.com/@pixi/sprite-animated/-/sprite-animated-6.2.2.tgz#8006a943834fbb5059800e0b57b08c890524a264"
  integrity sha512-MNkVIuC06aXn8bgfWyqQE8vmclCVLgmHB//hssr/1IFCVmnEEYZLyeWErkIA87grY3iV7tGOILEYSa3pod4XEg==

"@pixi/sprite-tiling@6.2.2":
  version "6.2.2"
  resolved "https://registry.yarnpkg.com/@pixi/sprite-tiling/-/sprite-tiling-6.2.2.tgz#2447fd92af3e9ddf2bdaa143018eb4f721fc0714"
  integrity sha512-HQ9RVObmwyPq+PM2wm2UEIMdsvWg96ymSz0NOh9bOfMSme18vSWv0Rbidv/FziQT8x6MpoLpYke0DYMGtbu0tA==

"@pixi/sprite@6.2.2":
  version "6.2.2"
  resolved "https://registry.yarnpkg.com/@pixi/sprite/-/sprite-6.2.2.tgz#a699e95f3da0f290e798a076ff30c4ec0cc6f263"
  integrity sha512-Imr+sJWFh5GtarW3FBBUzedSexfijg7OL0A6qwMDHA011gjyVeRZ15uXP8fgIwUoHoMLsU6xk85jcucM9RfWuw==

"@pixi/spritesheet@6.2.2":
  version "6.2.2"
  resolved "https://registry.yarnpkg.com/@pixi/spritesheet/-/spritesheet-6.2.2.tgz#84013fff2f7a6b50f1403484d7cb445a4510198c"
  integrity sha512-TZodC/pf+CW/8kZN+RPzObXWSPgYv1pp+foUnOHb7w8AyFnMljeqBPiUfLQaMzw91TI9AHLihoeeofqZ4wMpww==

"@pixi/text-bitmap@6.2.2":
  version "6.2.2"
  resolved "https://registry.yarnpkg.com/@pixi/text-bitmap/-/text-bitmap-6.2.2.tgz#26f2838a06edc2e17659d6e02d4244b714e4b61d"
  integrity sha512-pJZM0o68n6cUFUdolvpuuloMccdQqvTc3CLzhLu9xW9HLx7NeFjZEQWTGQea8GXsGa1RhvlMd9x3AiVSNMI2FA==

"@pixi/text@6.2.2":
  version "6.2.2"
  resolved "https://registry.yarnpkg.com/@pixi/text/-/text-6.2.2.tgz#bf4bd0e9fdf9041e3516bbaae2094f6ab8b4ee26"
  integrity sha512-Hi6MO/QhllZ4IWkr7MBzImzHB88XXKlF5E9xt1vUBhdZb3KsQD+cPx+bNCFWn6ZMWDmOloJekzRkkSl3KrfBSw==

"@pixi/ticker@6.2.2":
  version "6.2.2"
  resolved "https://registry.yarnpkg.com/@pixi/ticker/-/ticker-6.2.2.tgz#3170ce5f44c56ac1bdb1a66a1f393d023c9cbb4e"
  integrity sha512-tF3cRtcYnj3U3HFQ0IJKvAxFU1YUM96T0p8Qh478xZhvGxYGnjrQDPmjXePb4NocAdG5adb6//2uvQOd7o4rHg==

"@pixi/utils@6.2.2":
  version "6.2.2"
  resolved "https://registry.yarnpkg.com/@pixi/utils/-/utils-6.2.2.tgz#cf292ceb494992e7974982043b214617615ce335"
  integrity sha512-rpS6QolFuRmm/QcKm5PYHOCkX6okl9a00u2osaMbmPP+l7XLATTxSsFhw64UbSNR+zmzsrhreRFBVFn3tf8K6w==
  dependencies:
    "@types/earcut" "^2.1.0"
    earcut "^2.2.2"
    eventemitter3 "^3.1.0"
    url "^0.11.0"

"@types/earcut@^2.1.0":
  version "2.1.1"
  resolved "https://registry.yarnpkg.com/@types/earcut/-/earcut-2.1.1.tgz#573a0af609f17005c751f6f4ffec49cfe358ea51"
  integrity sha512-w8oigUCDjElRHRRrMvn/spybSMyX8MTkKA5Dv+tS1IE/TgmNZPqUYtvYBXGY8cieSE66gm+szeK+bnbxC2xHTQ==

"@vitejs/plugin-vue@^2.2.0":
  version "2.2.0"
  resolved "https://registry.yarnpkg.com/@vitejs/plugin-vue/-/plugin-vue-2.2.0.tgz#a0affe3ee09f70a9a1415bd39c0f8a58fa78b419"
  integrity sha512-wXigM1EwN2G7rZcwG6kLk9ivvIMhx2363tCEvMBiXcTu5nePM/12hUPVzPb83Uugt6U+zom1gTpJopi/Ow/jwg==

"@vue/compiler-core@3.2.31":
  version "3.2.31"
  resolved "https://registry.yarnpkg.com/@vue/compiler-core/-/compiler-core-3.2.31.tgz#d38f06c2cf845742403b523ab4596a3fda152e89"
  integrity sha512-aKno00qoA4o+V/kR6i/pE+aP+esng5siNAVQ422TkBNM6qA4veXiZbSe8OTXHXquEi/f6Akc+nLfB4JGfe4/WQ==
  dependencies:
    "@babel/parser" "^7.16.4"
    "@vue/shared" "3.2.31"
    estree-walker "^2.0.2"
    source-map "^0.6.1"

"@vue/compiler-dom@3.2.31":
  version "3.2.31"
  resolved "https://registry.yarnpkg.com/@vue/compiler-dom/-/compiler-dom-3.2.31.tgz#b1b7dfad55c96c8cc2b919cd7eb5fd7e4ddbf00e"
  integrity sha512-60zIlFfzIDf3u91cqfqy9KhCKIJgPeqxgveH2L+87RcGU/alT6BRrk5JtUso0OibH3O7NXuNOQ0cDc9beT0wrg==
  dependencies:
    "@vue/compiler-core" "3.2.31"
    "@vue/shared" "3.2.31"

"@vue/compiler-sfc@3.2.31":
  version "3.2.31"
  resolved "https://registry.yarnpkg.com/@vue/compiler-sfc/-/compiler-sfc-3.2.31.tgz#d02b29c3fe34d599a52c5ae1c6937b4d69f11c2f"
  integrity sha512-748adc9msSPGzXgibHiO6T7RWgfnDcVQD+VVwYgSsyyY8Ans64tALHZANrKtOzvkwznV/F4H7OAod/jIlp/dkQ==
  dependencies:
    "@babel/parser" "^7.16.4"
    "@vue/compiler-core" "3.2.31"
    "@vue/compiler-dom" "3.2.31"
    "@vue/compiler-ssr" "3.2.31"
    "@vue/reactivity-transform" "3.2.31"
    "@vue/shared" "3.2.31"
    estree-walker "^2.0.2"
    magic-string "^0.25.7"
    postcss "^8.1.10"
    source-map "^0.6.1"

"@vue/compiler-ssr@3.2.31":
  version "3.2.31"
  resolved "https://registry.yarnpkg.com/@vue/compiler-ssr/-/compiler-ssr-3.2.31.tgz#4fa00f486c9c4580b40a4177871ebbd650ecb99c"
  integrity sha512-mjN0rqig+A8TVDnsGPYJM5dpbjlXeHUm2oZHZwGyMYiGT/F4fhJf/cXy8QpjnLQK4Y9Et4GWzHn9PS8AHUnSkw==
  dependencies:
    "@vue/compiler-dom" "3.2.31"
    "@vue/shared" "3.2.31"

"@vue/reactivity-transform@3.2.31":
  version "3.2.31"
  resolved "https://registry.yarnpkg.com/@vue/reactivity-transform/-/reactivity-transform-3.2.31.tgz#0f5b25c24e70edab2b613d5305c465b50fc00911"
  integrity sha512-uS4l4z/W7wXdI+Va5pgVxBJ345wyGFKvpPYtdSgvfJfX/x2Ymm6ophQlXXB6acqGHtXuBqNyyO3zVp9b1r0MOA==
  dependencies:
    "@babel/parser" "^7.16.4"
    "@vue/compiler-core" "3.2.31"
    "@vue/shared" "3.2.31"
    estree-walker "^2.0.2"
    magic-string "^0.25.7"

"@vue/reactivity@3.2.31":
  version "3.2.31"
  resolved "https://registry.yarnpkg.com/@vue/reactivity/-/reactivity-3.2.31.tgz#fc90aa2cdf695418b79e534783aca90d63a46bbd"
  integrity sha512-HVr0l211gbhpEKYr2hYe7hRsV91uIVGFYNHj73njbARVGHQvIojkImKMaZNDdoDZOIkMsBc9a1sMqR+WZwfSCw==
  dependencies:
    "@vue/shared" "3.2.31"

"@vue/runtime-core@3.2.31":
  version "3.2.31"
  resolved "https://registry.yarnpkg.com/@vue/runtime-core/-/runtime-core-3.2.31.tgz#9d284c382f5f981b7a7b5971052a1dc4ef39ac7a"
  integrity sha512-Kcog5XmSY7VHFEMuk4+Gap8gUssYMZ2+w+cmGI6OpZWYOEIcbE0TPzzPHi+8XTzAgx1w/ZxDFcXhZeXN5eKWsA==
  dependencies:
    "@vue/reactivity" "3.2.31"
    "@vue/shared" "3.2.31"

"@vue/runtime-dom@3.2.31":
  version "3.2.31"
  resolved "https://registry.yarnpkg.com/@vue/runtime-dom/-/runtime-dom-3.2.31.tgz#79ce01817cb3caf2c9d923f669b738d2d7953eff"
  integrity sha512-N+o0sICVLScUjfLG7u9u5XCjvmsexAiPt17GNnaWHJUfsKed5e85/A3SWgKxzlxx2SW/Hw7RQxzxbXez9PtY3g==
  dependencies:
    "@vue/runtime-core" "3.2.31"
    "@vue/shared" "3.2.31"
    csstype "^2.6.8"

"@vue/server-renderer@3.2.31":
  version "3.2.31"
  resolved "https://registry.yarnpkg.com/@vue/server-renderer/-/server-renderer-3.2.31.tgz#201e9d6ce735847d5989403af81ef80960da7141"
  integrity sha512-8CN3Zj2HyR2LQQBHZ61HexF5NReqngLT3oahyiVRfSSvak+oAvVmu8iNLSu6XR77Ili2AOpnAt1y8ywjjqtmkg==
  dependencies:
    "@vue/compiler-ssr" "3.2.31"
    "@vue/shared" "3.2.31"

"@vue/shared@3.2.31":
  version "3.2.31"
  resolved "https://registry.yarnpkg.com/@vue/shared/-/shared-3.2.31.tgz#c90de7126d833dcd3a4c7534d534be2fb41faa4e"
  integrity sha512-ymN2pj6zEjiKJZbrf98UM2pfDd6F2H7ksKw7NDt/ZZ1fh5Ei39X5tABugtT03ZRlWd9imccoK0hE8hpjpU7irQ==

anymatch@~3.1.2:
  version "3.1.2"
  resolved "https://registry.yarnpkg.com/anymatch/-/anymatch-3.1.2.tgz#c0557c096af32f106198f4f4e2a383537e378716"
  integrity sha512-P43ePfOAIupkguHUycrc4qJ9kz8ZiuOUijaETwX7THt0Y/GNK7v0aa8rY816xWjZ7rJdA5XdMcpVFTKMq+RvWg==
  dependencies:
    normalize-path "^3.0.0"
    picomatch "^2.0.4"

binary-extensions@^2.0.0:
  version "2.2.0"
  resolved "https://registry.yarnpkg.com/binary-extensions/-/binary-extensions-2.2.0.tgz#75f502eeaf9ffde42fc98829645be4ea76bd9e2d"
  integrity sha512-jDctJ/IVQbZoJykoeHbhXpOlNBqGNcwXJKJog42E5HDPUwQTSdjCHdihjj0DlnheQ7blbT6dHOafNAiS8ooQKA==

braces@~3.0.2:
  version "3.0.2"
  resolved "https://registry.yarnpkg.com/braces/-/braces-3.0.2.tgz#3454e1a462ee8d599e236df336cd9ea4f8afe107"
  integrity sha512-b8um+L1RzM3WDSzvhm6gIz1yfTbBt6YTlcEKAvsmqCZZFw46z626lVj9j1yEPW33H5H+lBQpZMP1k8l+78Ha0A==
  dependencies:
    fill-range "^7.0.1"

"chokidar@>=3.0.0 <4.0.0":
  version "3.5.3"
  resolved "https://registry.yarnpkg.com/chokidar/-/chokidar-3.5.3.tgz#1cf37c8707b932bd1af1ae22c0432e2acd1903bd"
  integrity sha512-Dr3sfKRP6oTcjf2JmUmFJfeVMvXBdegxB0iVQ5eb2V10uFJUCAS8OByZdVAyVb8xXNz3GjjTgj9kLWsZTqE6kw==
  dependencies:
    anymatch "~3.1.2"
    braces "~3.0.2"
    glob-parent "~5.1.2"
    is-binary-path "~2.1.0"
    is-glob "~4.0.1"
    normalize-path "~3.0.0"
    readdirp "~3.6.0"
  optionalDependencies:
    fsevents "~2.3.2"

csstype@^2.6.8:
  version "2.6.19"
  resolved "https://registry.yarnpkg.com/csstype/-/csstype-2.6.19.tgz#feeb5aae89020bb389e1f63669a5ed490e391caa"
  integrity sha512-ZVxXaNy28/k3kJg0Fou5MiYpp88j7H9hLZp8PDC3jV0WFjfH5E9xHb56L0W59cPbKbcHXeP4qyT8PrHp8t6LcQ==

earcut@^2.2.2:
  version "2.2.3"
  resolved "https://registry.yarnpkg.com/earcut/-/earcut-2.2.3.tgz#d44ced2ff5a18859568e327dd9c7d46b16f55cf4"
  integrity sha512-iRDI1QeCQIhMCZk48DRDMVgQSSBDmbzzNhnxIo+pwx3swkfjMh6vh0nWLq1NdvGHLKH6wIrAM3vQWeTj6qeoug==

esbuild-android-arm64@0.14.21:
  version "0.14.21"
  resolved "https://registry.yarnpkg.com/esbuild-android-arm64/-/esbuild-android-arm64-0.14.21.tgz#8842d0c3b7c81fbe2dc46ddb416ffd6eb822184b"
  integrity sha512-Bqgld1TY0wZv8TqiQmVxQFgYzz8ZmyzT7clXBDZFkOOdRybzsnj8AZuK1pwcLVA7Ya6XncHgJqIao7NFd3s0RQ==

esbuild-darwin-64@0.14.21:
  version "0.14.21"
  resolved "https://registry.yarnpkg.com/esbuild-darwin-64/-/esbuild-darwin-64-0.14.21.tgz#ec7df02ad88ecf7f8fc23a3ed7917e07dea0c9c9"
  integrity sha512-j+Eg+e13djzyYINVvAbOo2/zvZ2DivuJJTaBrJnJHSD7kUNuGHRkHoSfFjbI80KHkn091w350wdmXDNSgRjfYQ==

esbuild-darwin-arm64@0.14.21:
  version "0.14.21"
  resolved "https://registry.yarnpkg.com/esbuild-darwin-arm64/-/esbuild-darwin-arm64-0.14.21.tgz#0c2a977edec1ef54097ee56a911518c820d4e5e4"
  integrity sha512-nDNTKWDPI0RuoPj5BhcSB2z5EmZJJAyRtZLIjyXSqSpAyoB8eyAKXl4lB8U2P78Fnh4Lh1le/fmpewXE04JhBQ==

esbuild-freebsd-64@0.14.21:
  version "0.14.21"
  resolved "https://registry.yarnpkg.com/esbuild-freebsd-64/-/esbuild-freebsd-64-0.14.21.tgz#f5b5fc1d031286c3a0949d1bda7db774b7d0404e"
  integrity sha512-zIurkCHXhxELiDZtLGiexi8t8onQc2LtuE+S7457H/pP0g0MLRKMrsn/IN4LDkNe6lvBjuoZZi2OfelOHn831g==

esbuild-freebsd-arm64@0.14.21:
  version "0.14.21"
  resolved "https://registry.yarnpkg.com/esbuild-freebsd-arm64/-/esbuild-freebsd-arm64-0.14.21.tgz#a05cab908013e4992b31a675850b8c44eb468c0c"
  integrity sha512-wdxMmkJfbwcN+q85MpeUEamVZ40FNsBa9mPq8tAszDn8TRT2HoJvVRADPIIBa9SWWwlDChIMjkDKAnS3KS/sPA==

esbuild-linux-32@0.14.21:
  version "0.14.21"
  resolved "https://registry.yarnpkg.com/esbuild-linux-32/-/esbuild-linux-32-0.14.21.tgz#638d244cc58b951f447addb4bade628d126ef84b"
  integrity sha512-fmxvyzOPPh2xiEHojpCeIQP6pXcoKsWbz3ryDDIKLOsk4xp3GbpHIEAWP0xTeuhEbendmvBDVKbAVv3PnODXLg==

esbuild-linux-64@0.14.21:
  version "0.14.21"
  resolved "https://registry.yarnpkg.com/esbuild-linux-64/-/esbuild-linux-64-0.14.21.tgz#8eb634abee928be7e35b985fafbfef2f2e31397f"
  integrity sha512-edZyNOv1ql+kpmlzdqzzDjRQYls+tSyi4QFi+PdBhATJFUqHsnNELWA9vMSzAaInPOEaVUTA5Ml28XFChcy4DA==

esbuild-linux-arm64@0.14.21:
  version "0.14.21"
  resolved "https://registry.yarnpkg.com/esbuild-linux-arm64/-/esbuild-linux-arm64-0.14.21.tgz#e05599ea6253b58394157da162d856f3ead62f9e"
  integrity sha512-t5qxRkq4zdQC0zXpzSB2bTtfLgOvR0C6BXYaRE/6/k8/4SrkZcTZBeNu+xGvwCU4b5dU9ST9pwIWkK6T1grS8g==

esbuild-linux-arm@0.14.21:
  version "0.14.21"
  resolved "https://registry.yarnpkg.com/esbuild-linux-arm/-/esbuild-linux-arm-0.14.21.tgz#1ae1078231cf689d3ba894a32d3723c0be9b91fd"
  integrity sha512-aSU5pUueK6afqmLQsbU+QcFBT62L+4G9hHMJDHWfxgid6hzhSmfRH9U/f+ymvxsSTr/HFRU4y7ox8ZyhlVl98w==

esbuild-linux-mips64le@0.14.21:
  version "0.14.21"
  resolved "https://registry.yarnpkg.com/esbuild-linux-mips64le/-/esbuild-linux-mips64le-0.14.21.tgz#f05be62d126764e99b37edcac5bb49b78c7a8890"
  integrity sha512-jLZLQGCNlUsmIHtGqNvBs3zN+7a4D9ckf0JZ+jQTwHdZJ1SgV9mAjbB980OFo66LoY+WeM7t3WEnq3FjI1zw4A==

esbuild-linux-ppc64le@0.14.21:
  version "0.14.21"
  resolved "https://registry.yarnpkg.com/esbuild-linux-ppc64le/-/esbuild-linux-ppc64le-0.14.21.tgz#592c98d82dad7982268ef8deed858c4566f07ab1"
  integrity sha512-4TWxpK391en2UBUw6GSrukToTDu6lL9vkm3Ll40HrI08WG3qcnJu7bl8e1+GzelDsiw1QmfAY/nNvJ6iaHRpCQ==

esbuild-linux-riscv64@0.14.21:
  version "0.14.21"
  resolved "https://registry.yarnpkg.com/esbuild-linux-riscv64/-/esbuild-linux-riscv64-0.14.21.tgz#0db7bd6f10d8f9afea973a7d6bf87b449b864b7b"
  integrity sha512-fElngqOaOfTsF+u+oetDLHsPG74vB2ZaGZUqmGefAJn3a5z9Z2pNa4WpVbbKgHpaAAy5tWM1m1sbGohj6Ki6+Q==

esbuild-linux-s390x@0.14.21:
  version "0.14.21"
  resolved "https://registry.yarnpkg.com/esbuild-linux-s390x/-/esbuild-linux-s390x-0.14.21.tgz#254a9354d34c9d1b41a3e21d2ec9269cbbb2c5df"
  integrity sha512-brleZ6R5fYv0qQ7ZBwenQmP6i9TdvJCB092c/3D3pTLQHBGHJb5zWgKxOeS7bdHzmLy6a6W7GbFk6QKpjyD6QA==

esbuild-netbsd-64@0.14.21:
  version "0.14.21"
  resolved "https://registry.yarnpkg.com/esbuild-netbsd-64/-/esbuild-netbsd-64-0.14.21.tgz#4cb783d060b02bf3b897a9a12cce2b3b547726f8"
  integrity sha512-nCEgsLCQ8RoFWVV8pVI+kX66ICwbPP/M9vEa0NJGIEB/Vs5sVGMqkf67oln90XNSkbc0bPBDuo4G6FxlF7PN8g==

esbuild-openbsd-64@0.14.21:
  version "0.14.21"
  resolved "https://registry.yarnpkg.com/esbuild-openbsd-64/-/esbuild-openbsd-64-0.14.21.tgz#f886b93feefddbe573528fa4b421c9c6e2bc969b"
  integrity sha512-h9zLMyVD0T73MDTVYIb/qUTokwI6EJH9O6wESuTNq6+XpMSr6C5aYZ4fvFKdNELW+Xsod+yDS2hV2JTUAbFrLA==

esbuild-sunos-64@0.14.21:
  version "0.14.21"
  resolved "https://registry.yarnpkg.com/esbuild-sunos-64/-/esbuild-sunos-64-0.14.21.tgz#3829e4d57d4cb6950837fe90b0b67cdfb37cf13a"
  integrity sha512-Kl+7Cot32qd9oqpLdB1tEGXEkjBlijrIxMJ0+vlDFaqsODutif25on0IZlFxEBtL2Gosd4p5WCV1U7UskNQfXA==

esbuild-windows-32@0.14.21:
  version "0.14.21"
  resolved "https://registry.yarnpkg.com/esbuild-windows-32/-/esbuild-windows-32-0.14.21.tgz#b858a22d1a82e53cdc59310cd56294133f7a95e7"
  integrity sha512-V7vnTq67xPBUCk/9UtlolmQ798Ecjdr1ZoI1vcSgw7M82aSSt0eZdP6bh5KAFZU8pxDcx3qoHyWQfHYr11f22A==

esbuild-windows-64@0.14.21:
  version "0.14.21"
  resolved "https://registry.yarnpkg.com/esbuild-windows-64/-/esbuild-windows-64-0.14.21.tgz#7bb5a027d5720cf9caf18a4bedd11327208f1f12"
  integrity sha512-kDgHjKOHwjfJDCyRGELzVxiP/RBJBTA+wyspf78MTTJQkyPuxH2vChReNdWc+dU2S4gIZFHMdP1Qrl/k22ZmaA==

esbuild-windows-arm64@0.14.21:
  version "0.14.21"
  resolved "https://registry.yarnpkg.com/esbuild-windows-arm64/-/esbuild-windows-arm64-0.14.21.tgz#25df54521ad602c826b262ea2e7cc1fe80f5c2f5"
  integrity sha512-8Sbo0zpzgwWrwjQYLmHF78f7E2xg5Ve63bjB2ng3V2aManilnnTGaliq2snYg+NOX60+hEvJHRdVnuIAHW0lVw==

esbuild@^0.14.14:
  version "0.14.21"
  resolved "https://registry.yarnpkg.com/esbuild/-/esbuild-0.14.21.tgz#b3e05f900f1c4394f596d60d63d9816468f0f671"
  integrity sha512-7WEoNMBJdLN993dr9h0CpFHPRc3yFZD+EAVY9lg6syJJ12gc5fHq8d75QRExuhnMkT2DaRiIKFThRvDWP+fO+A==
  optionalDependencies:
    esbuild-android-arm64 "0.14.21"
    esbuild-darwin-64 "0.14.21"
    esbuild-darwin-arm64 "0.14.21"
    esbuild-freebsd-64 "0.14.21"
    esbuild-freebsd-arm64 "0.14.21"
    esbuild-linux-32 "0.14.21"
    esbuild-linux-64 "0.14.21"
    esbuild-linux-arm "0.14.21"
    esbuild-linux-arm64 "0.14.21"
    esbuild-linux-mips64le "0.14.21"
    esbuild-linux-ppc64le "0.14.21"
    esbuild-linux-riscv64 "0.14.21"
    esbuild-linux-s390x "0.14.21"
    esbuild-netbsd-64 "0.14.21"
    esbuild-openbsd-64 "0.14.21"
    esbuild-sunos-64 "0.14.21"
    esbuild-windows-32 "0.14.21"
    esbuild-windows-64 "0.14.21"
    esbuild-windows-arm64 "0.14.21"

estree-walker@^2.0.2:
  version "2.0.2"
  resolved "https://registry.yarnpkg.com/estree-walker/-/estree-walker-2.0.2.tgz#52f010178c2a4c117a7757cfe942adb7d2da4cac"
  integrity sha512-Rfkk/Mp/DL7JVje3u18FxFujQlTNR2q6QfMSMB7AvCBx91NGj/ba3kCfza0f6dVDbw7YlRf/nDrn7pQrCCyQ/w==

eventemitter3@^3.1.0:
  version "3.1.2"
  resolved "https://registry.yarnpkg.com/eventemitter3/-/eventemitter3-3.1.2.tgz#2d3d48f9c346698fce83a85d7d664e98535df6e7"
  integrity sha512-tvtQIeLVHjDkJYnzf2dgVMxfuSGJeM/7UCG17TT4EumTfNtF+0nebF/4zWOIkCreAbtNqhGEboB6BWrwqNaw4Q==

fill-range@^7.0.1:
  version "7.0.1"
  resolved "https://registry.yarnpkg.com/fill-range/-/fill-range-7.0.1.tgz#1919a6a7c75fe38b2c7c77e5198535da9acdda40"
  integrity sha512-qOo9F+dMUmC2Lcb4BbVvnKJxTPjCm+RRpe4gDuGrzkL7mEVl/djYSu2OdQ2Pa302N4oqkSg9ir6jaLWJ2USVpQ==
  dependencies:
    to-regex-range "^5.0.1"

fsevents@~2.3.2:
  version "2.3.2"
  resolved "https://registry.yarnpkg.com/fsevents/-/fsevents-2.3.2.tgz#8a526f78b8fdf4623b709e0b975c52c24c02fd1a"
  integrity sha512-xiqMQR4xAeHTuB9uWm+fFRcIOgKBMiOBP+eXiyT7jsgVCq1bkVygt00oASowB7EdtpOHaaPgKt812P9ab+DDKA==

function-bind@^1.1.1:
  version "1.1.1"
  resolved "https://registry.yarnpkg.com/function-bind/-/function-bind-1.1.1.tgz#a56899d3ea3c9bab874bb9773b7c5ede92f4895d"
  integrity sha512-yIovAzMX49sF8Yl58fSCWJ5svSLuaibPxXQJFLmBObTuCr0Mf1KiPopGM9NiFjiYBCbfaa2Fh6breQ6ANVTI0A==

glob-parent@~5.1.2:
  version "5.1.2"
  resolved "https://registry.yarnpkg.com/glob-parent/-/glob-parent-5.1.2.tgz#869832c58034fe68a4093c17dc15e8340d8401c4"
  integrity sha512-AOIgSQCepiJYwP3ARnGx+5VnTu2HBYdzbGP45eLw1vr3zB3vZLeyed1sC9hnbcOc9/SrMyM5RPQrkGz4aS9Zow==
  dependencies:
    is-glob "^4.0.1"

has@^1.0.3:
  version "1.0.3"
  resolved "https://registry.yarnpkg.com/has/-/has-1.0.3.tgz#722d7cbfc1f6aa8241f16dd814e011e1f41e8796"
  integrity sha512-f2dvO0VU6Oej7RkWJGrehjbzMAjFp5/VKPp5tTpWIV4JHHZK1/BxbFRtf/siA2SWTe09caDmVtYYzWEIbBS4zw==
  dependencies:
    function-bind "^1.1.1"

immutable@^4.0.0:
  version "4.0.0"
  resolved "https://registry.yarnpkg.com/immutable/-/immutable-4.0.0.tgz#b86f78de6adef3608395efb269a91462797e2c23"
  integrity sha512-zIE9hX70qew5qTUjSS7wi1iwj/l7+m54KWU247nhM3v806UdGj1yDndXj+IOYxxtW9zyLI+xqFNZjTuDaLUqFw==

is-binary-path@~2.1.0:
  version "2.1.0"
  resolved "https://registry.yarnpkg.com/is-binary-path/-/is-binary-path-2.1.0.tgz#ea1f7f3b80f064236e83470f86c09c254fb45b09"
  integrity sha512-ZMERYes6pDydyuGidse7OsHxtbI7WVeUEozgR/g7rd0xUimYNlvZRE/K2MgZTjWy725IfelLeVcEM97mmtRGXw==
  dependencies:
    binary-extensions "^2.0.0"

is-core-module@^2.8.1:
  version "2.8.1"
  resolved "https://registry.yarnpkg.com/is-core-module/-/is-core-module-2.8.1.tgz#f59fdfca701d5879d0a6b100a40aa1560ce27211"
  integrity sha512-SdNCUs284hr40hFTFP6l0IfZ/RSrMXF3qgoRHd3/79unUTvrFO/JoXwkGm+5J/Oe3E/b5GsnG330uUNgRpu1PA==
  dependencies:
    has "^1.0.3"

is-extglob@^2.1.1:
  version "2.1.1"
  resolved "https://registry.yarnpkg.com/is-extglob/-/is-extglob-2.1.1.tgz#a88c02535791f02ed37c76a1b9ea9773c833f8c2"
  integrity sha1-qIwCU1eR8C7TfHahueqXc8gz+MI=

is-glob@^4.0.1, is-glob@~4.0.1:
  version "4.0.3"
  resolved "https://registry.yarnpkg.com/is-glob/-/is-glob-4.0.3.tgz#64f61e42cbbb2eec2071a9dac0b28ba1e65d5084"
  integrity sha512-xelSayHH36ZgE7ZWhli7pW34hNbNl8Ojv5KVmkJD4hBdD3th8Tfk9vYasLM+mXWOZhFkgZfxhLSnrwRr4elSSg==
  dependencies:
    is-extglob "^2.1.1"

is-number@^7.0.0:
  version "7.0.0"
  resolved "https://registry.yarnpkg.com/is-number/-/is-number-7.0.0.tgz#7535345b896734d5f80c4d06c50955527a14f12b"
  integrity sha512-41Cifkg6e8TylSpdtTpeLVMqvSBEVzTttHvERD741+pnZ8ANv0004MRL43QKPDlK9cGvNp6NZWZUBlbGXYxxng==

ismobilejs@^1.1.0:
  version "1.1.1"
  resolved "https://registry.yarnpkg.com/ismobilejs/-/ismobilejs-1.1.1.tgz#c56ca0ae8e52b24ca0f22ba5ef3215a2ddbbaa0e"
  integrity sha512-VaFW53yt8QO61k2WJui0dHf4SlL8lxBofUuUmwBo0ljPk0Drz2TiuDW4jo3wDcv41qy/SxrJ+VAzJ/qYqsmzRw==

klona@^2.0.4:
  version "2.0.5"
  resolved "https://registry.yarnpkg.com/klona/-/klona-2.0.5.tgz#d166574d90076395d9963aa7a928fabb8d76afbc"
  integrity sha512-pJiBpiXMbt7dkzXe8Ghj/u4FfXOOa98fPW+bihOJ4SjnoijweJrNThJfd3ifXpXhREjpoF2mZVH1GfS9LV3kHQ==

magic-string@^0.25.7:
  version "0.25.7"
  resolved "https://registry.yarnpkg.com/magic-string/-/magic-string-0.25.7.tgz#3f497d6fd34c669c6798dcb821f2ef31f5445051"
  integrity sha512-4CrMT5DOHTDk4HYDlzmwu4FVCcIYI8gauveasrdCu2IKIFOJ3f0v/8MDGJCDL9oD2ppz/Av1b0Nj345H9M+XIA==
  dependencies:
    sourcemap-codec "^1.4.4"

mitt@^3.0.0:
  version "3.0.0"
  resolved "https://registry.yarnpkg.com/mitt/-/mitt-3.0.0.tgz#69ef9bd5c80ff6f57473e8d89326d01c414be0bd"
  integrity sha512-7dX2/10ITVyqh4aOSVI9gdape+t9l2/8QxHrFmUXu4EEUpdlxl6RudZUPZoc+zuY2hk1j7XxVroIVIan/pD/SQ==

nanoid@^3.2.0:
  version "3.3.0"
  resolved "https://registry.yarnpkg.com/nanoid/-/nanoid-3.3.0.tgz#5906f776fd886c66c24f3653e0c46fcb1d4ad6b0"
  integrity sha512-JzxqqT5u/x+/KOFSd7JP15DOo9nOoHpx6DYatqIHUW2+flybkm+mdcraotSQR5WcnZr+qhGVh8Ted0KdfSMxlg==

neo-async@^2.6.2:
  version "2.6.2"
  resolved "https://registry.yarnpkg.com/neo-async/-/neo-async-2.6.2.tgz#b4aafb93e3aeb2d8174ca53cf163ab7d7308305f"
  integrity sha512-Yd3UES5mWCSqR+qNT93S3UoYUkqAZ9lLg8a7g9rimsWmYGK8cVToA4/sF3RrshdyV3sAGMXVUmpMYOw+dLpOuw==

normalize-path@^3.0.0, normalize-path@~3.0.0:
  version "3.0.0"
  resolved "https://registry.yarnpkg.com/normalize-path/-/normalize-path-3.0.0.tgz#0dcd69ff23a1c9b11fd0978316644a0388216a65"
  integrity sha512-6eZs5Ls3WtCisHWp9S2GUy8dqkpGi4BVSz3GaqiE6ezub0512ESztXUwUB6C6IKbQkY2Pnb/mD4WYojCRwcwLA==

object-assign@^4.1.1:
  version "4.1.1"
  resolved "https://registry.yarnpkg.com/object-assign/-/object-assign-4.1.1.tgz#2109adc7965887cfc05cbbd442cac8bfbb360863"
  integrity sha1-IQmtx5ZYh8/AXLvUQsrIv7s2CGM=

path-parse@^1.0.7:
  version "1.0.7"
  resolved "https://registry.yarnpkg.com/path-parse/-/path-parse-1.0.7.tgz#fbc114b60ca42b30d9daf5858e4bd68bbedb6735"
  integrity sha512-LDJzPVEEEPR+y48z93A0Ed0yXb8pAByGWo/k5YYdYgpY2/2EsOsksJrq7lOHxryrVOn1ejG6oAp8ahvOIQD8sw==

picocolors@^1.0.0:
  version "1.0.0"
  resolved "https://registry.yarnpkg.com/picocolors/-/picocolors-1.0.0.tgz#cb5bdc74ff3f51892236eaf79d68bc44564ab81c"
  integrity sha512-1fygroTLlHu66zi26VoTDv8yRgm0Fccecssto+MhsZ0D/DGW2sm8E8AjW7NU5VVTRt5GxbeZ5qBuJr+HyLYkjQ==

picomatch@^2.0.4, picomatch@^2.2.1:
  version "2.3.1"
  resolved "https://registry.yarnpkg.com/picomatch/-/picomatch-2.3.1.tgz#3ba3833733646d9d3e4995946c1365a67fb07a42"
  integrity sha512-JU3teHTNjmE2VCGFzuY8EXzCDVwEqB2a8fsIvwaStHhAWJEeVd1o1QD80CU6+ZdEXXSLbSsuLwJjkCBWqRQUVA==

pixi.js@^6.2.2:
  version "6.2.2"
  resolved "https://registry.yarnpkg.com/pixi.js/-/pixi.js-6.2.2.tgz#bc8319f007e48c0d5190b32b3e4f1d5bee0677e4"
  integrity sha512-/xCnJUsWTZuacR6JYTnRbUb+5grzlqpp2O1Ub7bCZCE3FApTCs7nMNYeLfdeP+np/MlGaM+SsPh2cXcafR3OZw==
  dependencies:
    "@pixi/accessibility" "6.2.2"
    "@pixi/app" "6.2.2"
    "@pixi/compressed-textures" "6.2.2"
    "@pixi/constants" "6.2.2"
    "@pixi/core" "6.2.2"
    "@pixi/display" "6.2.2"
    "@pixi/extract" "6.2.2"
    "@pixi/filter-alpha" "6.2.2"
    "@pixi/filter-blur" "6.2.2"
    "@pixi/filter-color-matrix" "6.2.2"
    "@pixi/filter-displacement" "6.2.2"
    "@pixi/filter-fxaa" "6.2.2"
    "@pixi/filter-noise" "6.2.2"
    "@pixi/graphics" "6.2.2"
    "@pixi/interaction" "6.2.2"
    "@pixi/loaders" "6.2.2"
    "@pixi/math" "6.2.2"
    "@pixi/mesh" "6.2.2"
    "@pixi/mesh-extras" "6.2.2"
    "@pixi/mixin-cache-as-bitmap" "6.2.2"
    "@pixi/mixin-get-child-by-name" "6.2.2"
    "@pixi/mixin-get-global-position" "6.2.2"
    "@pixi/particle-container" "6.2.2"
    "@pixi/polyfill" "6.2.2"
    "@pixi/prepare" "6.2.2"
    "@pixi/runner" "6.2.2"
    "@pixi/settings" "6.2.2"
    "@pixi/sprite" "6.2.2"
    "@pixi/sprite-animated" "6.2.2"
    "@pixi/sprite-tiling" "6.2.2"
    "@pixi/spritesheet" "6.2.2"
    "@pixi/text" "6.2.2"
    "@pixi/text-bitmap" "6.2.2"
    "@pixi/ticker" "6.2.2"
    "@pixi/utils" "6.2.2"

postcss@^8.1.10, postcss@^8.4.6:
  version "8.4.6"
  resolved "https://registry.yarnpkg.com/postcss/-/postcss-8.4.6.tgz#c5ff3c3c457a23864f32cb45ac9b741498a09ae1"
  integrity sha512-OovjwIzs9Te46vlEx7+uXB0PLijpwjXGKXjVGGPIGubGpq7uh5Xgf6D6FiJ/SzJMBosHDp6a2hiXOS97iBXcaA==
  dependencies:
    nanoid "^3.2.0"
    picocolors "^1.0.0"
    source-map-js "^1.0.2"

promise-polyfill@^8.2.0:
  version "8.2.1"
  resolved "https://registry.yarnpkg.com/promise-polyfill/-/promise-polyfill-8.2.1.tgz#1fa955b325bee4f6b8a4311e18148d4e5b46d254"
  integrity sha512-3p9zj0cEHbp7NVUxEYUWjQlffXqnXaZIMPkAO7HhFh8u5636xLRDHOUo2vpWSK0T2mqm6fKLXYn1KP6PAZ2gKg==

punycode@1.3.2:
  version "1.3.2"
  resolved "https://registry.yarnpkg.com/punycode/-/punycode-1.3.2.tgz#9653a036fb7c1ee42342f2325cceefea3926c48d"
  integrity sha1-llOgNvt8HuQjQvIyXM7v6jkmxI0=

querystring@0.2.0:
  version "0.2.0"
  resolved "https://registry.yarnpkg.com/querystring/-/querystring-0.2.0.tgz#b209849203bb25df820da756e747005878521620"
  integrity sha1-sgmEkgO7Jd+CDadW50cAWHhSFiA=

readdirp@~3.6.0:
  version "3.6.0"
  resolved "https://registry.yarnpkg.com/readdirp/-/readdirp-3.6.0.tgz#74a370bd857116e245b29cc97340cd431a02a6c7"
  integrity sha512-hOS089on8RduqdbhvQ5Z37A0ESjsqz6qnRcffsMU3495FuTdqSm+7bhJ29JvIOsBDEEnan5DPu9t3To9VRlMzA==
  dependencies:
    picomatch "^2.2.1"

resolve@^1.22.0:
  version "1.22.0"
  resolved "https://registry.yarnpkg.com/resolve/-/resolve-1.22.0.tgz#5e0b8c67c15df57a89bdbabe603a002f21731198"
  integrity sha512-Hhtrw0nLeSrFQ7phPp4OOcVjLPIeMnRlr5mcnVuMe7M/7eBn98A3hmFRLoFo3DLZkivSYwhRUJTyPyWAk56WLw==
  dependencies:
    is-core-module "^2.8.1"
    path-parse "^1.0.7"
    supports-preserve-symlinks-flag "^1.0.0"

rollup@^2.59.0:
  version "2.67.2"
  resolved "https://registry.yarnpkg.com/rollup/-/rollup-2.67.2.tgz#d95e15f60932ad21e05a870bd0aa0b235d056f04"
  integrity sha512-hoEiBWwZtf1QdK3jZIq59L0FJj4Fiv4RplCO4pvCRC86qsoFurWB4hKQIjoRf3WvJmk5UZ9b0y5ton+62fC7Tw==
  optionalDependencies:
    fsevents "~2.3.2"

sass-loader@^12.6.0:
  version "12.6.0"
  resolved "https://registry.yarnpkg.com/sass-loader/-/sass-loader-12.6.0.tgz#5148362c8e2cdd4b950f3c63ac5d16dbfed37bcb"
  integrity sha512-oLTaH0YCtX4cfnJZxKSLAyglED0naiYfNG1iXfU5w1LNZ+ukoA5DtyDIN5zmKVZwYNJP4KRc5Y3hkWga+7tYfA==
  dependencies:
    klona "^2.0.4"
    neo-async "^2.6.2"

sass@^1.49.7:
  version "1.49.7"
  resolved "https://registry.yarnpkg.com/sass/-/sass-1.49.7.tgz#22a86a50552b9b11f71404dfad1b9ff44c6b0c49"
  integrity sha512-13dml55EMIR2rS4d/RDHHP0sXMY3+30e1TKsyXaSz3iLWVoDWEoboY8WzJd5JMnxrRHffKO3wq2mpJ0jxRJiEQ==
  dependencies:
    chokidar ">=3.0.0 <4.0.0"
    immutable "^4.0.0"
    source-map-js ">=0.6.2 <2.0.0"

"source-map-js@>=0.6.2 <2.0.0", source-map-js@^1.0.2:
  version "1.0.2"
  resolved "https://registry.yarnpkg.com/source-map-js/-/source-map-js-1.0.2.tgz#adbc361d9c62df380125e7f161f71c826f1e490c"
  integrity sha512-R0XvVJ9WusLiqTCEiGCmICCMplcCkIwwR11mOSD9CR5u+IXYdiseeEuXCVAjS54zqwkLcPNnmU4OeJ6tUrWhDw==

source-map@^0.6.1:
  version "0.6.1"
  resolved "https://registry.yarnpkg.com/source-map/-/source-map-0.6.1.tgz#74722af32e9614e9c287a8d0bbde48b5e2f1a263"
  integrity sha512-UjgapumWlbMhkBgzT7Ykc5YXUT46F0iKu8SGXq0bcwP5dz/h0Plj6enJqjz1Zbq2l5WaqYnrVbwWOWMyF3F47g==

sourcemap-codec@^1.4.4:
  version "1.4.8"
  resolved "https://registry.yarnpkg.com/sourcemap-codec/-/sourcemap-codec-1.4.8.tgz#ea804bd94857402e6992d05a38ef1ae35a9ab4c4"
  integrity sha512-9NykojV5Uih4lgo5So5dtw+f0JgJX30KCNI8gwhz2J9A15wD0Ml6tjHKwf6fTSa6fAdVBdZeNOs9eJ71qCk8vA==

supports-preserve-symlinks-flag@^1.0.0:
  version "1.0.0"
  resolved "https://registry.yarnpkg.com/supports-preserve-symlinks-flag/-/supports-preserve-symlinks-flag-1.0.0.tgz#6eda4bd344a3c94aea376d4cc31bc77311039e09"
  integrity sha512-ot0WnXS9fgdkgIcePe6RHNk1WA8+muPa6cSjeR3V8K27q9BB1rTE3R1p7Hv0z1ZyAc8s6Vvv8DIyWf681MAt0w==

to-regex-range@^5.0.1:
  version "5.0.1"
  resolved "https://registry.yarnpkg.com/to-regex-range/-/to-regex-range-5.0.1.tgz#1648c44aae7c8d988a326018ed72f5b4dd0392e4"
  integrity sha512-65P7iz6X5yEr1cwcgvQxbbIw7Uk3gOy5dIdtZ4rDveLqhrdJP+Li/Hx6tyK0NEb+2GCyneCMJiGqrADCSNk8sQ==
  dependencies:
    is-number "^7.0.0"

url@^0.11.0:
  version "0.11.0"
  resolved "https://registry.yarnpkg.com/url/-/url-0.11.0.tgz#3838e97cfc60521eb73c525a8e55bfdd9e2e28f1"
  integrity sha1-ODjpfPxgUh63PFJajlW/3Z4uKPE=
  dependencies:
    punycode "1.3.2"
    querystring "0.2.0"

vite@^2.8.0:
  version "2.8.3"
  resolved "https://registry.yarnpkg.com/vite/-/vite-2.8.3.tgz#bb9b7f1f1446d2e538e81026f48d2fe9f1926963"
  integrity sha512-967klrEiG7HEsN7fQYYVETs5495Iu6GpI7YyxoO5yVTJCRxjV8HhWgNWKgrbazjoOB9DQuztL53/nUoNqHNsWg==
  dependencies:
    esbuild "^0.14.14"
    postcss "^8.4.6"
    resolve "^1.22.0"
    rollup "^2.59.0"
  optionalDependencies:
    fsevents "~2.3.2"

vue@^3.2.25:
  version "3.2.31"
  resolved "https://registry.yarnpkg.com/vue/-/vue-3.2.31.tgz#e0c49924335e9f188352816788a4cca10f817ce6"
  integrity sha512-odT3W2tcffTiQCy57nOT93INw1auq5lYLLYtWpPYQQYQOOdHiqFct9Xhna6GJ+pJQaF67yZABraH47oywkJgFw==
  dependencies:
    "@vue/compiler-dom" "3.2.31"
    "@vue/compiler-sfc" "3.2.31"
    "@vue/runtime-dom" "3.2.31"
    "@vue/server-renderer" "3.2.31"
    "@vue/shared" "3.2.31"
